// !$*UTF8*$!
{
	archiveVersion = 1;
	classes = {
	};
	objectVersion = 48;
	objects = {

/* Begin PBXBuildFile section */
		25C140CD200A10D400A9A1A7 /* AppDelegate.swift in Sources */ = {isa = PBXBuildFile; fileRef = 25C140CC200A10D400A9A1A7 /* AppDelegate.swift */; };
		25C140CF200A10D400A9A1A7 /* ViewController.swift in Sources */ = {isa = PBXBuildFile; fileRef = 25C140CE200A10D400A9A1A7 /* ViewController.swift */; };
		25C140D2200A10D400A9A1A7 /* Main.storyboard in Resources */ = {isa = PBXBuildFile; fileRef = 25C140D0200A10D400A9A1A7 /* Main.storyboard */; };
		25C140D4200A10D400A9A1A7 /* Assets.xcassets in Resources */ = {isa = PBXBuildFile; fileRef = 25C140D3200A10D400A9A1A7 /* Assets.xcassets */; };
		25C140D7200A10D400A9A1A7 /* LaunchScreen.storyboard in Resources */ = {isa = PBXBuildFile; fileRef = 25C140D5200A10D400A9A1A7 /* LaunchScreen.storyboard */; };
		25C140E3200A117D00A9A1A7 /* StarShipClass.swift in Sources */ = {isa = PBXBuildFile; fileRef = 25C140E2200A117D00A9A1A7 /* StarShipClass.swift */; };
		25C140E5200A124500A9A1A7 /* StarShipTableViewController.swift in Sources */ = {isa = PBXBuildFile; fileRef = 25C140E4200A124500A9A1A7 /* StarShipTableViewController.swift */; };
		25C140E7200A306000A9A1A7 /* StarShipDetailViewController.swift in Sources */ = {isa = PBXBuildFile; fileRef = 25C140E6200A306000A9A1A7 /* StarShipDetailViewController.swift */; };
/* End PBXBuildFile section */

/* Begin PBXFileReference section */
		25C140C9200A10D400A9A1A7 /* StarWarsApp.app */ = {isa = PBXFileReference; explicitFileType = wrapper.application; includeInIndex = 0; path = StarWarsApp.app; sourceTree = BUILT_PRODUCTS_DIR; };
		25C140CC200A10D400A9A1A7 /* AppDelegate.swift */ = {isa = PBXFileReference; lastKnownFileType = sourcecode.swift; path = AppDelegate.swift; sourceTree = "<group>"; };
		25C140CE200A10D400A9A1A7 /* ViewController.swift */ = {isa = PBXFileReference; lastKnownFileType = sourcecode.swift; path = ViewController.swift; sourceTree = "<group>"; };
		25C140D1200A10D400A9A1A7 /* Base */ = {isa = PBXFileReference; lastKnownFileType = file.storyboard; name = Base; path = Base.lproj/Main.storyboard; sourceTree = "<group>"; };
		25C140D3200A10D400A9A1A7 /* Assets.xcassets */ = {isa = PBXFileReference; lastKnownFileType = folder.assetcatalog; path = Assets.xcassets; sourceTree = "<group>"; };
		25C140D6200A10D400A9A1A7 /* Base */ = {isa = PBXFileReference; lastKnownFileType = file.storyboard; name = Base; path = Base.lproj/LaunchScreen.storyboard; sourceTree = "<group>"; };
		25C140D8200A10D400A9A1A7 /* Info.plist */ = {isa = PBXFileReference; lastKnownFileType = text.plist.xml; path = Info.plist; sourceTree = "<group>"; };
		25C140E2200A117D00A9A1A7 /* StarShipClass.swift */ = {isa = PBXFileReference; lastKnownFileType = sourcecode.swift; path = StarShipClass.swift; sourceTree = "<group>"; };
		25C140E4200A124500A9A1A7 /* StarShipTableViewController.swift */ = {isa = PBXFileReference; lastKnownFileType = sourcecode.swift; path = StarShipTableViewController.swift; sourceTree = "<group>"; };
		25C140E6200A306000A9A1A7 /* StarShipDetailViewController.swift */ = {isa = PBXFileReference; lastKnownFileType = sourcecode.swift; path = StarShipDetailViewController.swift; sourceTree = "<group>"; };
/* End PBXFileReference section */

/* Begin PBXFrameworksBuildPhase section */
		25C140C6200A10D400A9A1A7 /* Frameworks */ = {
			isa = PBXFrameworksBuildPhase;
			buildActionMask = 2147483647;
			files = (
			);
			runOnlyForDeploymentPostprocessing = 0;
		};
/* End PBXFrameworksBuildPhase section */

/* Begin PBXGroup section */
		25C140C0200A10D400A9A1A7 = {
			isa = PBXGroup;
			children = (
				25C140E1200A114700A9A1A7 /* Models */,
				25C140E0200A112F00A9A1A7 /* Controllers */,
				25C140DF200A110C00A9A1A7 /* Views */,
				25C140CB200A10D400A9A1A7 /* StarWarsApp */,
				25C140CA200A10D400A9A1A7 /* Products */,
			);
			sourceTree = "<group>";
		};
		25C140CA200A10D400A9A1A7 /* Products */ = {
			isa = PBXGroup;
			children = (
				25C140C9200A10D400A9A1A7 /* StarWarsApp.app */,
			);
			name = Products;
			sourceTree = "<group>";
		};
		25C140CB200A10D400A9A1A7 /* StarWarsApp */ = {
			isa = PBXGroup;
			children = (
				25C140CC200A10D400A9A1A7 /* AppDelegate.swift */,
				25C140CE200A10D400A9A1A7 /* ViewController.swift */,
				25C140D0200A10D400A9A1A7 /* Main.storyboard */,
				25C140D3200A10D400A9A1A7 /* Assets.xcassets */,
				25C140D5200A10D400A9A1A7 /* LaunchScreen.storyboard */,
				25C140D8200A10D400A9A1A7 /* Info.plist */,
			);
			path = StarWarsApp;
			sourceTree = "<group>";
		};
		25C140DF200A110C00A9A1A7 /* Views */ = {
			isa = PBXGroup;
			children = (
			);
			path = Views;
			sourceTree = "<group>";
		};
		25C140E0200A112F00A9A1A7 /* Controllers */ = {
			isa = PBXGroup;
			children = (
				25C140E4200A124500A9A1A7 /* StarShipTableViewController.swift */,
				25C140E6200A306000A9A1A7 /* StarShipDetailViewController.swift */,
			);
			path = Controllers;
			sourceTree = "<group>";
		};
		25C140E1200A114700A9A1A7 /* Models */ = {
			isa = PBXGroup;
			children = (
				25C140E2200A117D00A9A1A7 /* StarShipClass.swift */,
			);
			path = Models;
			sourceTree = "<group>";
		};
/* End PBXGroup section */

/* Begin PBXNativeTarget section */
		25C140C8200A10D400A9A1A7 /* StarWarsApp */ = {
			isa = PBXNativeTarget;
			buildConfigurationList = 25C140DB200A10D400A9A1A7 /* Build configuration list for PBXNativeTarget "StarWarsApp" */;
			buildPhases = (
				25C140C5200A10D400A9A1A7 /* Sources */,
				25C140C6200A10D400A9A1A7 /* Frameworks */,
				25C140C7200A10D400A9A1A7 /* Resources */,
			);
			buildRules = (
			);
			dependencies = (
			);
			name = StarWarsApp;
			productName = StarWarsApp;
			productReference = 25C140C9200A10D400A9A1A7 /* StarWarsApp.app */;
			productType = "com.apple.product-type.application";
		};
/* End PBXNativeTarget section */

/* Begin PBXProject section */
		25C140C1200A10D400A9A1A7 /* Project object */ = {
			isa = PBXProject;
			attributes = {
				LastSwiftUpdateCheck = 0920;
				LastUpgradeCheck = 0920;
				ORGANIZATIONNAME = user909200;
				TargetAttributes = {
					25C140C8200A10D400A9A1A7 = {
						CreatedOnToolsVersion = 9.2;
						ProvisioningStyle = Automatic;
					};
				};
			};
			buildConfigurationList = 25C140C4200A10D400A9A1A7 /* Build configuration list for PBXProject "StarWarsApp" */;
			compatibilityVersion = "Xcode 8.0";
			developmentRegion = en;
			hasScannedForEncodings = 0;
			knownRegions = (
				en,
				Base,
			);
			mainGroup = 25C140C0200A10D400A9A1A7;
			productRefGroup = 25C140CA200A10D400A9A1A7 /* Products */;
			projectDirPath = "";
			projectRoot = "";
			targets = (
				25C140C8200A10D400A9A1A7 /* StarWarsApp */,
			);
		};
/* End PBXProject section */

/* Begin PBXResourcesBuildPhase section */
		25C140C7200A10D400A9A1A7 /* Resources */ = {
			isa = PBXResourcesBuildPhase;
			buildActionMask = 2147483647;
			files = (
				25C140D7200A10D400A9A1A7 /* LaunchScreen.storyboard in Resources */,
				25C140D4200A10D400A9A1A7 /* Assets.xcassets in Resources */,
				25C140D2200A10D400A9A1A7 /* Main.storyboard in Resources */,
			);
			runOnlyForDeploymentPostprocessing = 0;
		};
/* End PBXResourcesBuildPhase section */

/* Begin PBXSourcesBuildPhase section */
		25C140C5200A10D400A9A1A7 /* Sources */ = {
			isa = PBXSourcesBuildPhase;
			buildActionMask = 2147483647;
			files = (
				25C140E3200A117D00A9A1A7 /* StarShipClass.swift in Sources */,
				25C140CF200A10D400A9A1A7 /* ViewController.swift in Sources */,
				25C140CD200A10D400A9A1A7 /* AppDelegate.swift in Sources */,
				25C140E7200A306000A9A1A7 /* StarShipDetailViewController.swift in Sources */,
				25C140E5200A124500A9A1A7 /* StarShipTableViewController.swift in Sources */,
			);
			runOnlyForDeploymentPostprocessing = 0;
		};
/* End PBXSourcesBuildPhase section */

/* Begin PBXVariantGroup section */
		25C140D0200A10D400A9A1A7 /* Main.storyboard */ = {
			isa = PBXVariantGroup;
			children = (
				25C140D1200A10D400A9A1A7 /* Base */,
			);
			name = Main.storyboard;
			sourceTree = "<group>";
		};
		25C140D5200A10D400A9A1A7 /* LaunchScreen.storyboard */ = {
			isa = PBXVariantGroup;
			children = (
				25C140D6200A10D400A9A1A7 /* Base */,
			);
			name = LaunchScreen.storyboard;
			sourceTree = "<group>";
		};
/* End PBXVariantGroup section */

/* Begin XCBuildConfiguration section */
		25C140D9200A10D400A9A1A7 /* Debug */ = {
			isa = XCBuildConfiguration;
			buildSettings = {
				ALWAYS_SEARCH_USER_PATHS = NO;
				CLANG_ANALYZER_NONNULL = YES;
				CLANG_ANALYZER_NUMBER_OBJECT_CONVERSION = YES_AGGRESSIVE;
				CLANG_CXX_LANGUAGE_STANDARD = "gnu++14";
				CLANG_CXX_LIBRARY = "libc++";
				CLANG_ENABLE_MODULES = YES;
				CLANG_ENABLE_OBJC_ARC = YES;
				CLANG_WARN_BLOCK_CAPTURE_AUTORELEASING = YES;
				CLANG_WARN_BOOL_CONVERSION = YES;
				CLANG_WARN_COMMA = YES;
				CLANG_WARN_CONSTANT_CONVERSION = YES;
				CLANG_WARN_DIRECT_OBJC_ISA_USAGE = YES_ERROR;
				CLANG_WARN_DOCUMENTATION_COMMENTS = YES;
				CLANG_WARN_EMPTY_BODY = YES;
				CLANG_WARN_ENUM_CONVERSION = YES;
				CLANG_WARN_INFINITE_RECURSION = YES;
				CLANG_WARN_INT_CONVERSION = YES;
				CLANG_WARN_NON_LITERAL_NULL_CONVERSION = YES;
				CLANG_WARN_OBJC_LITERAL_CONVERSION = YES;
				CLANG_WARN_OBJC_ROOT_CLASS = YES_ERROR;
				CLANG_WARN_RANGE_LOOP_ANALYSIS = YES;
				CLANG_WARN_STRICT_PROTOTYPES = YES;
				CLANG_WARN_SUSPICIOUS_MOVE = YES;
				CLANG_WARN_UNGUARDED_AVAILABILITY = YES_AGGRESSIVE;
				CLANG_WARN_UNREACHABLE_CODE = YES;
				CLANG_WARN__DUPLICATE_METHOD_MATCH = YES;
				CODE_SIGN_IDENTITY = "iPhone Developer";
				COPY_PHASE_STRIP = NO;
				DEBUG_INFORMATION_FORMAT = dwarf;
				ENABLE_STRICT_OBJC_MSGSEND = YES;
				ENABLE_TESTABILITY = YES;
				GCC_C_LANGUAGE_STANDARD = gnu11;
				GCC_DYNAMIC_NO_PIC = NO;
				GCC_NO_COMMON_BLOCKS = YES;
				GCC_OPTIMIZATION_LEVEL = 0;
				GCC_PREPROCESSOR_DEFINITIONS = (
					"DEBUG=1",
					"$(inherited)",
				);
				GCC_WARN_64_TO_32_BIT_CONVERSION = YES;
				GCC_WARN_ABOUT_RETURN_TYPE = YES_ERROR;
				GCC_WARN_UNDECLARED_SELECTOR = YES;
				GCC_WARN_UNINITIALIZED_AUTOS = YES_AGGRESSIVE;
				GCC_WARN_UNUSED_FUNCTION = YES;
				GCC_WARN_UNUSED_VARIABLE = YES;
				IPHONEOS_DEPLOYMENT_TARGET = 11.2;
				MTL_ENABLE_DEBUG_INFO = YES;
				ONLY_ACTIVE_ARCH = YES;
				SDKROOT = iphoneos;
				SWIFT_ACTIVE_COMPILATION_CONDITIONS = DEBUG;
				SWIFT_OPTIMIZATION_LEVEL = "-Onone";
			};
			name = Debug;
		};
		25C140DA200A10D400A9A1A7 /* Release */ = {
			isa = XCBuildConfiguration;
			buildSettings = {
				ALWAYS_SEARCH_USER_PATHS = NO;
				CLANG_ANALYZER_NONNULL = YES;
				CLANG_ANALYZER_NUMBER_OBJECT_CONVERSION = YES_AGGRESSIVE;
				CLANG_CXX_LANGUAGE_STANDARD = "gnu++14";
				CLANG_CXX_LIBRARY = "libc++";
				CLANG_ENABLE_MODULES = YES;
				CLANG_ENABLE_OBJC_ARC = YES;
				CLANG_WARN_BLOCK_CAPTURE_AUTORELEASING = YES;
				CLANG_WARN_BOOL_CONVERSION = YES;
				CLANG_WARN_COMMA = YES;
				CLANG_WARN_CONSTANT_CONVERSION = YES;
				CLANG_WARN_DIRECT_OBJC_ISA_USAGE = YES_ERROR;
				CLANG_WARN_DOCUMENTATION_COMMENTS = YES;
				CLANG_WARN_EMPTY_BODY = YES;
				CLANG_WARN_ENUM_CONVERSION = YES;
				CLANG_WARN_INFINITE_RECURSION = YES;
				CLANG_WARN_INT_CONVERSION = YES;
				CLANG_WARN_NON_LITERAL_NULL_CONVERSION = YES;
				CLANG_WARN_OBJC_LITERAL_CONVERSION = YES;
				CLANG_WARN_OBJC_ROOT_CLASS = YES_ERROR;
				CLANG_WARN_RANGE_LOOP_ANALYSIS = YES;
				CLANG_WARN_STRICT_PROTOTYPES = YES;
				CLANG_WARN_SUSPICIOUS_MOVE = YES;
				CLANG_WARN_UNGUARDED_AVAILABILITY = YES_AGGRESSIVE;
				CLANG_WARN_UNREACHABLE_CODE = YES;
				CLANG_WARN__DUPLICATE_METHOD_MATCH = YES;
				CODE_SIGN_IDENTITY = "iPhone Developer";
				COPY_PHASE_STRIP = NO;
				DEBUG_INFORMATION_FORMAT = "dwarf-with-dsym";
				ENABLE_NS_ASSERTIONS = NO;
				ENABLE_STRICT_OBJC_MSGSEND = YES;
				GCC_C_LANGUAGE_STANDARD = gnu11;
				GCC_NO_COMMON_BLOCKS = YES;
				GCC_WARN_64_TO_32_BIT_CONVERSION = YES;
				GCC_WARN_ABOUT_RETURN_TYPE = YES_ERROR;
				GCC_WARN_UNDECLARED_SELECTOR = YES;
				GCC_WARN_UNINITIALIZED_AUTOS = YES_AGGRESSIVE;
				GCC_WARN_UNUSED_FUNCTION = YES;
				GCC_WARN_UNUSED_VARIABLE = YES;
				IPHONEOS_DEPLOYMENT_TARGET = 11.2;
				MTL_ENABLE_DEBUG_INFO = NO;
				SDKROOT = iphoneos;
				SWIFT_OPTIMIZATION_LEVEL = "-Owholemodule";
				VALIDATE_PRODUCT = YES;
			};
			name = Release;
		};
		25C140DC200A10D400A9A1A7 /* Debug */ = {
			isa = XCBuildConfiguration;
			buildSettings = {
				ASSETCATALOG_COMPILER_APPICON_NAME = AppIcon;
				CODE_SIGN_STYLE = Automatic;
				INFOPLIST_FILE = StarWarsApp/Info.plist;
				LD_RUNPATH_SEARCH_PATHS = "$(inherited) @executable_path/Frameworks";
				PRODUCT_BUNDLE_IDENTIFIER = com.sanvalerocourses.StarWarsApp;
				PRODUCT_NAME = "$(TARGET_NAME)";
				SWIFT_VERSION = 4.0;
				TARGETED_DEVICE_FAMILY = "1,2";
			};
			name = Debug;
		};
		25C140DD200A10D400A9A1A7 /* Release */ = {
			isa = XCBuildConfiguration;
			buildSettings = {
				ASSETCATALOG_COMPILER_APPICON_NAME = AppIcon;
				CODE_SIGN_STYLE = Automatic;
				INFOPLIST_FILE = StarWarsApp/Info.plist;
				LD_RUNPATH_SEARCH_PATHS = "$(inherited) @executable_path/Frameworks";
				PRODUCT_BUNDLE_IDENTIFIER = com.sanvalerocourses.StarWarsApp;
				PRODUCT_NAME = "$(TARGET_NAME)";
				SWIFT_VERSION = 4.0;
				TARGETED_DEVICE_FAMILY = "1,2";
			};
			name = Release;
		};
/* End XCBuildConfiguration section */

/* Begin XCConfigurationList section */
		25C140C4200A10D400A9A1A7 /* Build configuration list for PBXProject "StarWarsApp" */ = {
			isa = XCConfigurationList;
			buildConfigurations = (
				25C140D9200A10D400A9A1A7 /* Debug */,
				25C140DA200A10D400A9A1A7 /* Release */,
			);
			defaultConfigurationIsVisible = 0;
			defaultConfigurationName = Release;
		};
		25C140DB200A10D400A9A1A7 /* Build configuration list for PBXNativeTarget "StarWarsApp" */ = {
			isa = XCConfigurationList;
			buildConfigurations = (
				25C140DC200A10D400A9A1A7 /* Debug */,
				25C140DD200A10D400A9A1A7 /* Release */,
			);
			defaultConfigurationIsVisible = 0;
			defaultConfigurationName = Release;
		};
/* End XCConfigurationList section */
	};
	rootObject = 25C140C1200A10D400A9A1A7 /* Project object */;
}
